// !$*UTF8*$!
{
	archiveVersion = 1;
	classes = {
	};
	objectVersion = 50;
	objects = {

/* Begin PBXBuildFile section */
		76272DA120B146090089F750 /* Main.storyboard in Resources */ = {isa = PBXBuildFile; fileRef = 76272DA020B146090089F750 /* Main.storyboard */; };
		76272DA620B146320089F750 /* AppDelegate.swift in Sources */ = {isa = PBXBuildFile; fileRef = 76272DA320B146320089F750 /* AppDelegate.swift */; };
		76272DA720B146320089F750 /* GeofenceViewController.swift in Sources */ = {isa = PBXBuildFile; fileRef = 76272DA420B146320089F750 /* GeofenceViewController.swift */; };
		76272DAA20B1464A0089F750 /* Tracker.swift in Sources */ = {isa = PBXBuildFile; fileRef = 76272DA820B1464A0089F750 /* Tracker.swift */; };
		76272DAB20B1464A0089F750 /* Trackers.swift in Sources */ = {isa = PBXBuildFile; fileRef = 76272DA920B1464A0089F750 /* Trackers.swift */; };
		76272DAD20B146940089F750 /* Assets.xcassets in Resources */ = {isa = PBXBuildFile; fileRef = 76272DAC20B146940089F750 /* Assets.xcassets */; };
		76272DAF20B146B20089F750 /* LaunchScreen.storyboard in Resources */ = {isa = PBXBuildFile; fileRef = 76272DAE20B146B20089F750 /* LaunchScreen.storyboard */; };
		76272DB120B146C30089F750 /* cow1.wav in Resources */ = {isa = PBXBuildFile; fileRef = 76272DB020B146C30089F750 /* cow1.wav */; };
		76272DB320B150060089F750 /* HomeViewController.swift in Sources */ = {isa = PBXBuildFile; fileRef = 76272DB220B150060089F750 /* HomeViewController.swift */; };
		76272DB520B150180089F750 /* SettingsViewController.swift in Sources */ = {isa = PBXBuildFile; fileRef = 76272DB420B150180089F750 /* SettingsViewController.swift */; };
		76272DB720B150300089F750 /* StacksViewController.swift in Sources */ = {isa = PBXBuildFile; fileRef = 76272DB620B150300089F750 /* StacksViewController.swift */; };
		76272DB920B39BAD0089F750 /* CustomTabBar.swift in Sources */ = {isa = PBXBuildFile; fileRef = 76272DB820B39BAD0089F750 /* CustomTabBar.swift */; };
		76272DBC20B51F010089F750 /* AddTrackerViewController.swift in Sources */ = {isa = PBXBuildFile; fileRef = 76272DBB20B51F010089F750 /* AddTrackerViewController.swift */; };
		763FBD9020FB06ED00405F3B /* LocationManager.swift in Sources */ = {isa = PBXBuildFile; fileRef = 763FBD8F20FB06ED00405F3B /* LocationManager.swift */; };
		7646EB6720B779C900566100 /* StackDetailsViewController.swift in Sources */ = {isa = PBXBuildFile; fileRef = 7646EB6620B779C900566100 /* StackDetailsViewController.swift */; };
		7666855920BA819B00C797BB /* AddStackViewController.swift in Sources */ = {isa = PBXBuildFile; fileRef = 7666855820BA819B00C797BB /* AddStackViewController.swift */; };
		7666855B20BC868700C797BB /* CamerHandler.swift in Sources */ = {isa = PBXBuildFile; fileRef = 7666855A20BC868700C797BB /* CamerHandler.swift */; };
		7666855D20BD105400C797BB /* Checklist.swift in Sources */ = {isa = PBXBuildFile; fileRef = 7666855C20BD105400C797BB /* Checklist.swift */; };
		7666855F20BD106200C797BB /* Stack.swift in Sources */ = {isa = PBXBuildFile; fileRef = 7666855E20BD106200C797BB /* Stack.swift */; };
		7666856120BD11B200C797BB /* StacksManager.swift in Sources */ = {isa = PBXBuildFile; fileRef = 7666856020BD11B200C797BB /* StacksManager.swift */; };
		7666856320BD122500C797BB /* Geofence.swift in Sources */ = {isa = PBXBuildFile; fileRef = 7666856220BD122500C797BB /* Geofence.swift */; };
		76EC270A20DDC67000F17C67 /* GoogleService-Info.plist in Resources */ = {isa = PBXBuildFile; fileRef = 76EC270920DDC66F00F17C67 /* GoogleService-Info.plist */; };
		820D77788A6F6D1FBE6EEA3B /* Pods_Stack.framework in Frameworks */ = {isa = PBXBuildFile; fileRef = AF87E347275FA84E037CF8CB /* Pods_Stack.framework */; };
/* End PBXBuildFile section */

/* Begin PBXFileReference section */
		4AF90711ABBCCE73DBB58AC3 /* Pods-Stack.debug.xcconfig */ = {isa = PBXFileReference; includeInIndex = 1; lastKnownFileType = text.xcconfig; name = "Pods-Stack.debug.xcconfig"; path = "Pods/Target Support Files/Pods-Stack/Pods-Stack.debug.xcconfig"; sourceTree = "<group>"; };
		76272D8820B145470089F750 /* Stack.app */ = {isa = PBXFileReference; explicitFileType = wrapper.application; includeInIndex = 0; path = Stack.app; sourceTree = BUILT_PRODUCTS_DIR; };
		76272D9720B145490089F750 /* Info.plist */ = {isa = PBXFileReference; lastKnownFileType = text.plist.xml; path = Info.plist; sourceTree = "<group>"; };
		76272DA020B146090089F750 /* Main.storyboard */ = {isa = PBXFileReference; fileEncoding = 4; lastKnownFileType = file.storyboard; path = Main.storyboard; sourceTree = "<group>"; };
		76272DA320B146320089F750 /* AppDelegate.swift */ = {isa = PBXFileReference; fileEncoding = 4; lastKnownFileType = sourcecode.swift; path = AppDelegate.swift; sourceTree = "<group>"; };
		76272DA420B146320089F750 /* GeofenceViewController.swift */ = {isa = PBXFileReference; fileEncoding = 4; lastKnownFileType = sourcecode.swift; path = GeofenceViewController.swift; sourceTree = "<group>"; };
		76272DA820B1464A0089F750 /* Tracker.swift */ = {isa = PBXFileReference; fileEncoding = 4; lastKnownFileType = sourcecode.swift; path = Tracker.swift; sourceTree = "<group>"; };
		76272DA920B1464A0089F750 /* Trackers.swift */ = {isa = PBXFileReference; fileEncoding = 4; lastKnownFileType = sourcecode.swift; path = Trackers.swift; sourceTree = "<group>"; };
		76272DAC20B146940089F750 /* Assets.xcassets */ = {isa = PBXFileReference; lastKnownFileType = folder.assetcatalog; path = Assets.xcassets; sourceTree = "<group>"; };
		76272DAE20B146B20089F750 /* LaunchScreen.storyboard */ = {isa = PBXFileReference; fileEncoding = 4; lastKnownFileType = file.storyboard; path = LaunchScreen.storyboard; sourceTree = "<group>"; };
		76272DB020B146C30089F750 /* cow1.wav */ = {isa = PBXFileReference; lastKnownFileType = audio.wav; path = cow1.wav; sourceTree = "<group>"; };
		76272DB220B150060089F750 /* HomeViewController.swift */ = {isa = PBXFileReference; lastKnownFileType = sourcecode.swift; path = HomeViewController.swift; sourceTree = "<group>"; };
		76272DB420B150180089F750 /* SettingsViewController.swift */ = {isa = PBXFileReference; lastKnownFileType = sourcecode.swift; path = SettingsViewController.swift; sourceTree = "<group>"; };
		76272DB620B150300089F750 /* StacksViewController.swift */ = {isa = PBXFileReference; lastKnownFileType = sourcecode.swift; path = StacksViewController.swift; sourceTree = "<group>"; };
		76272DB820B39BAD0089F750 /* CustomTabBar.swift */ = {isa = PBXFileReference; lastKnownFileType = sourcecode.swift; path = CustomTabBar.swift; sourceTree = "<group>"; };
		76272DBB20B51F010089F750 /* AddTrackerViewController.swift */ = {isa = PBXFileReference; lastKnownFileType = sourcecode.swift; path = AddTrackerViewController.swift; sourceTree = "<group>"; };
		763FBD8F20FB06ED00405F3B /* LocationManager.swift */ = {isa = PBXFileReference; lastKnownFileType = sourcecode.swift; path = LocationManager.swift; sourceTree = "<group>"; };
		7646EB6620B779C900566100 /* StackDetailsViewController.swift */ = {isa = PBXFileReference; lastKnownFileType = sourcecode.swift; path = StackDetailsViewController.swift; sourceTree = "<group>"; };
		7666855820BA819B00C797BB /* AddStackViewController.swift */ = {isa = PBXFileReference; lastKnownFileType = sourcecode.swift; path = AddStackViewController.swift; sourceTree = "<group>"; };
		7666855A20BC868700C797BB /* CamerHandler.swift */ = {isa = PBXFileReference; lastKnownFileType = sourcecode.swift; path = CamerHandler.swift; sourceTree = "<group>"; };
		7666855C20BD105400C797BB /* Checklist.swift */ = {isa = PBXFileReference; lastKnownFileType = sourcecode.swift; path = Checklist.swift; sourceTree = "<group>"; };
		7666855E20BD106200C797BB /* Stack.swift */ = {isa = PBXFileReference; lastKnownFileType = sourcecode.swift; path = Stack.swift; sourceTree = "<group>"; };
		7666856020BD11B200C797BB /* StacksManager.swift */ = {isa = PBXFileReference; lastKnownFileType = sourcecode.swift; path = StacksManager.swift; sourceTree = "<group>"; };
		7666856220BD122500C797BB /* Geofence.swift */ = {isa = PBXFileReference; lastKnownFileType = sourcecode.swift; path = Geofence.swift; sourceTree = "<group>"; };
		76EC270920DDC66F00F17C67 /* GoogleService-Info.plist */ = {isa = PBXFileReference; fileEncoding = 4; lastKnownFileType = text.plist.xml; path = "GoogleService-Info.plist"; sourceTree = "<group>"; };
		88EE0AF87463CE3ACED3C494 /* Pods-Stack.release.xcconfig */ = {isa = PBXFileReference; includeInIndex = 1; lastKnownFileType = text.xcconfig; name = "Pods-Stack.release.xcconfig"; path = "Pods/Target Support Files/Pods-Stack/Pods-Stack.release.xcconfig"; sourceTree = "<group>"; };
		AF87E347275FA84E037CF8CB /* Pods_Stack.framework */ = {isa = PBXFileReference; explicitFileType = wrapper.framework; includeInIndex = 0; path = Pods_Stack.framework; sourceTree = BUILT_PRODUCTS_DIR; };
/* End PBXFileReference section */

/* Begin PBXFrameworksBuildPhase section */
		76272D8520B145470089F750 /* Frameworks */ = {
			isa = PBXFrameworksBuildPhase;
			buildActionMask = 2147483647;
			files = (
				820D77788A6F6D1FBE6EEA3B /* Pods_Stack.framework in Frameworks */,
			);
			runOnlyForDeploymentPostprocessing = 0;
		};
/* End PBXFrameworksBuildPhase section */

/* Begin PBXGroup section */
		12AAB1540DC29AC49DEAF329 /* Pods */ = {
			isa = PBXGroup;
			children = (
				4AF90711ABBCCE73DBB58AC3 /* Pods-Stack.debug.xcconfig */,
				88EE0AF87463CE3ACED3C494 /* Pods-Stack.release.xcconfig */,
			);
			name = Pods;
			sourceTree = "<group>";
		};
		3F2F00D0E09CE233A110C798 /* Frameworks */ = {
			isa = PBXGroup;
			children = (
				AF87E347275FA84E037CF8CB /* Pods_Stack.framework */,
			);
			name = Frameworks;
			sourceTree = "<group>";
		};
		76272D7F20B145470089F750 = {
			isa = PBXGroup;
			children = (
				76272D8A20B145470089F750 /* Stack */,
				76272D8920B145470089F750 /* Products */,
				12AAB1540DC29AC49DEAF329 /* Pods */,
				3F2F00D0E09CE233A110C798 /* Frameworks */,
			);
			sourceTree = "<group>";
		};
		76272D8920B145470089F750 /* Products */ = {
			isa = PBXGroup;
			children = (
				76272D8820B145470089F750 /* Stack.app */,
			);
			name = Products;
			sourceTree = "<group>";
		};
		76272D8A20B145470089F750 /* Stack */ = {
			isa = PBXGroup;
			children = (
				76272D9F20B145EE0089F750 /* Controller */,
				76272D9E20B145E20089F750 /* View */,
				76272D9D20B145D70089F750 /* Model */,
				76272D9720B145490089F750 /* Info.plist */,
				76EC270920DDC66F00F17C67 /* GoogleService-Info.plist */,
				76272DB020B146C30089F750 /* cow1.wav */,
			);
			path = Stack;
			sourceTree = "<group>";
		};
		76272D9D20B145D70089F750 /* Model */ = {
			isa = PBXGroup;
			children = (
				76272DA820B1464A0089F750 /* Tracker.swift */,
				76272DA920B1464A0089F750 /* Trackers.swift */,
				7666855A20BC868700C797BB /* CamerHandler.swift */,
				7666855C20BD105400C797BB /* Checklist.swift */,
				7666855E20BD106200C797BB /* Stack.swift */,
				7666856020BD11B200C797BB /* StacksManager.swift */,
				7666856220BD122500C797BB /* Geofence.swift */,
				763FBD8F20FB06ED00405F3B /* LocationManager.swift */,
			);
			path = Model;
			sourceTree = "<group>";
		};
		76272D9E20B145E20089F750 /* View */ = {
			isa = PBXGroup;
			children = (
				76272DAE20B146B20089F750 /* LaunchScreen.storyboard */,
				76272DA020B146090089F750 /* Main.storyboard */,
				76272DAC20B146940089F750 /* Assets.xcassets */,
				76272DB820B39BAD0089F750 /* CustomTabBar.swift */,
			);
			path = View;
			sourceTree = "<group>";
		};
		76272D9F20B145EE0089F750 /* Controller */ = {
			isa = PBXGroup;
			children = (
				76272DA320B146320089F750 /* AppDelegate.swift */,
				76272DA420B146320089F750 /* GeofenceViewController.swift */,
				76272DB220B150060089F750 /* HomeViewController.swift */,
				76272DB420B150180089F750 /* SettingsViewController.swift */,
				76272DB620B150300089F750 /* StacksViewController.swift */,
				76272DBB20B51F010089F750 /* AddTrackerViewController.swift */,
				7646EB6620B779C900566100 /* StackDetailsViewController.swift */,
				7666855820BA819B00C797BB /* AddStackViewController.swift */,
			);
			path = Controller;
			sourceTree = "<group>";
		};
/* End PBXGroup section */

/* Begin PBXNativeTarget section */
		76272D8720B145470089F750 /* Stack */ = {
			isa = PBXNativeTarget;
			buildConfigurationList = 76272D9A20B145490089F750 /* Build configuration list for PBXNativeTarget "Stack" */;
			buildPhases = (
				58F541CFB9AAC668629A41C0 /* [CP] Check Pods Manifest.lock */,
				76272D8420B145470089F750 /* Sources */,
				76272D8520B145470089F750 /* Frameworks */,
				76272D8620B145470089F750 /* Resources */,
				67EF75444E92E7D5532A98D7 /* [CP] Embed Pods Frameworks */,
			);
			buildRules = (
			);
			dependencies = (
			);
			name = Stack;
			productName = Stack;
			productReference = 76272D8820B145470089F750 /* Stack.app */;
			productType = "com.apple.product-type.application";
		};
/* End PBXNativeTarget section */

/* Begin PBXProject section */
		76272D8020B145470089F750 /* Project object */ = {
			isa = PBXProject;
			attributes = {
				LastSwiftUpdateCheck = 0930;
				LastUpgradeCheck = 0930;
				ORGANIZATIONNAME = "Davis Crabb";
				TargetAttributes = {
					76272D8720B145470089F750 = {
						CreatedOnToolsVersion = 9.3.1;
						SystemCapabilities = {
							com.apple.BackgroundModes = {
								enabled = 1;
							};
						};
					};
				};
			};
			buildConfigurationList = 76272D8320B145470089F750 /* Build configuration list for PBXProject "Stack" */;
			compatibilityVersion = "Xcode 9.3";
			developmentRegion = en;
			hasScannedForEncodings = 0;
			knownRegions = (
				en,
				Base,
			);
			mainGroup = 76272D7F20B145470089F750;
			productRefGroup = 76272D8920B145470089F750 /* Products */;
			projectDirPath = "";
			projectRoot = "";
			targets = (
				76272D8720B145470089F750 /* Stack */,
			);
		};
/* End PBXProject section */

/* Begin PBXResourcesBuildPhase section */
		76272D8620B145470089F750 /* Resources */ = {
			isa = PBXResourcesBuildPhase;
			buildActionMask = 2147483647;
			files = (
				76272DAF20B146B20089F750 /* LaunchScreen.storyboard in Resources */,
				76272DAD20B146940089F750 /* Assets.xcassets in Resources */,
				76EC270A20DDC67000F17C67 /* GoogleService-Info.plist in Resources */,
				76272DB120B146C30089F750 /* cow1.wav in Resources */,
				76272DA120B146090089F750 /* Main.storyboard in Resources */,
			);
			runOnlyForDeploymentPostprocessing = 0;
		};
/* End PBXResourcesBuildPhase section */

/* Begin PBXShellScriptBuildPhase section */
		58F541CFB9AAC668629A41C0 /* [CP] Check Pods Manifest.lock */ = {
			isa = PBXShellScriptBuildPhase;
			buildActionMask = 2147483647;
			files = (
			);
			inputPaths = (
				"${PODS_PODFILE_DIR_PATH}/Podfile.lock",
				"${PODS_ROOT}/Manifest.lock",
			);
			name = "[CP] Check Pods Manifest.lock";
			outputPaths = (
				"$(DERIVED_FILE_DIR)/Pods-Stack-checkManifestLockResult.txt",
			);
			runOnlyForDeploymentPostprocessing = 0;
			shellPath = /bin/sh;
			shellScript = "diff \"${PODS_PODFILE_DIR_PATH}/Podfile.lock\" \"${PODS_ROOT}/Manifest.lock\" > /dev/null\nif [ $? != 0 ] ; then\n    # print error to STDERR\n    echo \"error: The sandbox is not in sync with the Podfile.lock. Run 'pod install' or update your CocoaPods installation.\" >&2\n    exit 1\nfi\n# This output is used by Xcode 'outputs' to avoid re-running this script phase.\necho \"SUCCESS\" > \"${SCRIPT_OUTPUT_FILE_0}\"\n";
			showEnvVarsInLog = 0;
		};
		67EF75444E92E7D5532A98D7 /* [CP] Embed Pods Frameworks */ = {
			isa = PBXShellScriptBuildPhase;
			buildActionMask = 2147483647;
			files = (
			);
			inputPaths = (
				"${SRCROOT}/Pods/Target Support Files/Pods-Stack/Pods-Stack-frameworks.sh",
				"${BUILT_PRODUCTS_DIR}/GoogleToolboxForMac/GoogleToolboxForMac.framework",
				"${BUILT_PRODUCTS_DIR}/SVProgressHUD/SVProgressHUD.framework",
				"${BUILT_PRODUCTS_DIR}/Toaster/Toaster.framework",
				"${BUILT_PRODUCTS_DIR}/leveldb-library/leveldb.framework",
				"${BUILT_PRODUCTS_DIR}/nanopb/nanopb.framework",
			);
			name = "[CP] Embed Pods Frameworks";
			outputPaths = (
				"${TARGET_BUILD_DIR}/${FRAMEWORKS_FOLDER_PATH}/GoogleToolboxForMac.framework",
				"${TARGET_BUILD_DIR}/${FRAMEWORKS_FOLDER_PATH}/SVProgressHUD.framework",
				"${TARGET_BUILD_DIR}/${FRAMEWORKS_FOLDER_PATH}/Toaster.framework",
				"${TARGET_BUILD_DIR}/${FRAMEWORKS_FOLDER_PATH}/leveldb.framework",
				"${TARGET_BUILD_DIR}/${FRAMEWORKS_FOLDER_PATH}/nanopb.framework",
			);
			runOnlyForDeploymentPostprocessing = 0;
			shellPath = /bin/sh;
			shellScript = "\"${SRCROOT}/Pods/Target Support Files/Pods-Stack/Pods-Stack-frameworks.sh\"\n";
			showEnvVarsInLog = 0;
		};
/* End PBXShellScriptBuildPhase section */

/* Begin PBXSourcesBuildPhase section */
		76272D8420B145470089F750 /* Sources */ = {
			isa = PBXSourcesBuildPhase;
			buildActionMask = 2147483647;
			files = (
				7646EB6720B779C900566100 /* StackDetailsViewController.swift in Sources */,
				763FBD9020FB06ED00405F3B /* LocationManager.swift in Sources */,
				7666855F20BD106200C797BB /* Stack.swift in Sources */,
				7666856120BD11B200C797BB /* StacksManager.swift in Sources */,
				76272DAA20B1464A0089F750 /* Tracker.swift in Sources */,
				76272DA620B146320089F750 /* AppDelegate.swift in Sources */,
				76272DB520B150180089F750 /* SettingsViewController.swift in Sources */,
				76272DAB20B1464A0089F750 /* Trackers.swift in Sources */,
				7666855B20BC868700C797BB /* CamerHandler.swift in Sources */,
				7666855D20BD105400C797BB /* Checklist.swift in Sources */,
				7666855920BA819B00C797BB /* AddStackViewController.swift in Sources */,
				76272DB920B39BAD0089F750 /* CustomTabBar.swift in Sources */,
				76272DBC20B51F010089F750 /* AddTrackerViewController.swift in Sources */,
				7666856320BD122500C797BB /* Geofence.swift in Sources */,
				76272DB720B150300089F750 /* StacksViewController.swift in Sources */,
				76272DA720B146320089F750 /* GeofenceViewController.swift in Sources */,
				76272DB320B150060089F750 /* HomeViewController.swift in Sources */,
			);
			runOnlyForDeploymentPostprocessing = 0;
		};
/* End PBXSourcesBuildPhase section */

/* Begin XCBuildConfiguration section */
		76272D9820B145490089F750 /* Debug */ = {
			isa = XCBuildConfiguration;
			buildSettings = {
				ALWAYS_SEARCH_USER_PATHS = NO;
				CLANG_ANALYZER_NONNULL = YES;
				CLANG_ANALYZER_NUMBER_OBJECT_CONVERSION = YES_AGGRESSIVE;
				CLANG_CXX_LANGUAGE_STANDARD = "gnu++14";
				CLANG_CXX_LIBRARY = "libc++";
				CLANG_ENABLE_MODULES = YES;
				CLANG_ENABLE_OBJC_ARC = YES;
				CLANG_ENABLE_OBJC_WEAK = YES;
				CLANG_WARN_BLOCK_CAPTURE_AUTORELEASING = YES;
				CLANG_WARN_BOOL_CONVERSION = YES;
				CLANG_WARN_COMMA = YES;
				CLANG_WARN_CONSTANT_CONVERSION = YES;
				CLANG_WARN_DEPRECATED_OBJC_IMPLEMENTATIONS = YES;
				CLANG_WARN_DIRECT_OBJC_ISA_USAGE = YES_ERROR;
				CLANG_WARN_DOCUMENTATION_COMMENTS = YES;
				CLANG_WARN_EMPTY_BODY = YES;
				CLANG_WARN_ENUM_CONVERSION = YES;
				CLANG_WARN_INFINITE_RECURSION = YES;
				CLANG_WARN_INT_CONVERSION = YES;
				CLANG_WARN_NON_LITERAL_NULL_CONVERSION = YES;
				CLANG_WARN_OBJC_IMPLICIT_RETAIN_SELF = YES;
				CLANG_WARN_OBJC_LITERAL_CONVERSION = YES;
				CLANG_WARN_OBJC_ROOT_CLASS = YES_ERROR;
				CLANG_WARN_RANGE_LOOP_ANALYSIS = YES;
				CLANG_WARN_STRICT_PROTOTYPES = YES;
				CLANG_WARN_SUSPICIOUS_MOVE = YES;
				CLANG_WARN_UNGUARDED_AVAILABILITY = YES_AGGRESSIVE;
				CLANG_WARN_UNREACHABLE_CODE = YES;
				CLANG_WARN__DUPLICATE_METHOD_MATCH = YES;
				CODE_SIGN_IDENTITY = "iPhone Developer";
				COPY_PHASE_STRIP = NO;
				DEBUG_INFORMATION_FORMAT = dwarf;
				ENABLE_STRICT_OBJC_MSGSEND = YES;
				ENABLE_TESTABILITY = YES;
				GCC_C_LANGUAGE_STANDARD = gnu11;
				GCC_DYNAMIC_NO_PIC = NO;
				GCC_NO_COMMON_BLOCKS = YES;
				GCC_OPTIMIZATION_LEVEL = 0;
				GCC_PREPROCESSOR_DEFINITIONS = (
					"DEBUG=1",
					"$(inherited)",
				);
				GCC_WARN_64_TO_32_BIT_CONVERSION = YES;
				GCC_WARN_ABOUT_RETURN_TYPE = YES_ERROR;
				GCC_WARN_UNDECLARED_SELECTOR = YES;
				GCC_WARN_UNINITIALIZED_AUTOS = YES_AGGRESSIVE;
				GCC_WARN_UNUSED_FUNCTION = YES;
				GCC_WARN_UNUSED_VARIABLE = YES;
				IPHONEOS_DEPLOYMENT_TARGET = 11.3;
				MTL_ENABLE_DEBUG_INFO = YES;
				ONLY_ACTIVE_ARCH = YES;
				SDKROOT = iphoneos;
				SWIFT_ACTIVE_COMPILATION_CONDITIONS = DEBUG;
				SWIFT_OPTIMIZATION_LEVEL = "-Onone";
			};
			name = Debug;
		};
		76272D9920B145490089F750 /* Release */ = {
			isa = XCBuildConfiguration;
			buildSettings = {
				ALWAYS_SEARCH_USER_PATHS = NO;
				CLANG_ANALYZER_NONNULL = YES;
				CLANG_ANALYZER_NUMBER_OBJECT_CONVERSION = YES_AGGRESSIVE;
				CLANG_CXX_LANGUAGE_STANDARD = "gnu++14";
				CLANG_CXX_LIBRARY = "libc++";
				CLANG_ENABLE_MODULES = YES;
				CLANG_ENABLE_OBJC_ARC = YES;
				CLANG_ENABLE_OBJC_WEAK = YES;
				CLANG_WARN_BLOCK_CAPTURE_AUTORELEASING = YES;
				CLANG_WARN_BOOL_CONVERSION = YES;
				CLANG_WARN_COMMA = YES;
				CLANG_WARN_CONSTANT_CONVERSION = YES;
				CLANG_WARN_DEPRECATED_OBJC_IMPLEMENTATIONS = YES;
				CLANG_WARN_DIRECT_OBJC_ISA_USAGE = YES_ERROR;
				CLANG_WARN_DOCUMENTATION_COMMENTS = YES;
				CLANG_WARN_EMPTY_BODY = YES;
				CLANG_WARN_ENUM_CONVERSION = YES;
				CLANG_WARN_INFINITE_RECURSION = YES;
				CLANG_WARN_INT_CONVERSION = YES;
				CLANG_WARN_NON_LITERAL_NULL_CONVERSION = YES;
				CLANG_WARN_OBJC_IMPLICIT_RETAIN_SELF = YES;
				CLANG_WARN_OBJC_LITERAL_CONVERSION = YES;
				CLANG_WARN_OBJC_ROOT_CLASS = YES_ERROR;
				CLANG_WARN_RANGE_LOOP_ANALYSIS = YES;
				CLANG_WARN_STRICT_PROTOTYPES = YES;
				CLANG_WARN_SUSPICIOUS_MOVE = YES;
				CLANG_WARN_UNGUARDED_AVAILABILITY = YES_AGGRESSIVE;
				CLANG_WARN_UNREACHABLE_CODE = YES;
				CLANG_WARN__DUPLICATE_METHOD_MATCH = YES;
				CODE_SIGN_IDENTITY = "iPhone Developer";
				COPY_PHASE_STRIP = NO;
				DEBUG_INFORMATION_FORMAT = "dwarf-with-dsym";
				ENABLE_NS_ASSERTIONS = NO;
				ENABLE_STRICT_OBJC_MSGSEND = YES;
				GCC_C_LANGUAGE_STANDARD = gnu11;
				GCC_NO_COMMON_BLOCKS = YES;
				GCC_WARN_64_TO_32_BIT_CONVERSION = YES;
				GCC_WARN_ABOUT_RETURN_TYPE = YES_ERROR;
				GCC_WARN_UNDECLARED_SELECTOR = YES;
				GCC_WARN_UNINITIALIZED_AUTOS = YES_AGGRESSIVE;
				GCC_WARN_UNUSED_FUNCTION = YES;
				GCC_WARN_UNUSED_VARIABLE = YES;
				IPHONEOS_DEPLOYMENT_TARGET = 11.3;
				MTL_ENABLE_DEBUG_INFO = NO;
				SDKROOT = iphoneos;
				SWIFT_COMPILATION_MODE = wholemodule;
				SWIFT_OPTIMIZATION_LEVEL = "-O";
				VALIDATE_PRODUCT = YES;
			};
			name = Release;
		};
		76272D9B20B145490089F750 /* Debug */ = {
			isa = XCBuildConfiguration;
			baseConfigurationReference = 4AF90711ABBCCE73DBB58AC3 /* Pods-Stack.debug.xcconfig */;
			buildSettings = {
				ASSETCATALOG_COMPILER_APPICON_NAME = AppIcon;
				CODE_SIGN_STYLE = Automatic;
				DEVELOPMENT_TEAM = 49CC5ZYSXA;
				INFOPLIST_FILE = Stack/Info.plist;
				LD_RUNPATH_SEARCH_PATHS = (
					"$(inherited)",
					"@executable_path/Frameworks",
				);
				PRODUCT_BUNDLE_IDENTIFIER = com.stackntrack.stack;
				PRODUCT_NAME = "$(TARGET_NAME)";
				SWIFT_VERSION = 4.0;
				TARGETED_DEVICE_FAMILY = 1;
			};
			name = Debug;
		};
		76272D9C20B145490089F750 /* Release */ = {
			isa = XCBuildConfiguration;
			baseConfigurationReference = 88EE0AF87463CE3ACED3C494 /* Pods-Stack.release.xcconfig */;
			buildSettings = {
				ASSETCATALOG_COMPILER_APPICON_NAME = AppIcon;
				CODE_SIGN_STYLE = Automatic;
				DEVELOPMENT_TEAM = 49CC5ZYSXA;
				INFOPLIST_FILE = Stack/Info.plist;
				LD_RUNPATH_SEARCH_PATHS = (
					"$(inherited)",
					"@executable_path/Frameworks",
				);
				PRODUCT_BUNDLE_IDENTIFIER = com.stackntrack.stack;
				PRODUCT_NAME = "$(TARGET_NAME)";
				SWIFT_VERSION = 4.0;
				TARGETED_DEVICE_FAMILY = 1;
			};
			name = Release;
		};
/* End XCBuildConfiguration section */

/* Begin XCConfigurationList section */
		76272D8320B145470089F750 /* Build configuration list for PBXProject "Stack" */ = {
			isa = XCConfigurationList;
			buildConfigurations = (
				76272D9820B145490089F750 /* Debug */,
				76272D9920B145490089F750 /* Release */,
			);
			defaultConfigurationIsVisible = 0;
			defaultConfigurationName = Release;
		};
		76272D9A20B145490089F750 /* Build configuration list for PBXNativeTarget "Stack" */ = {
			isa = XCConfigurationList;
			buildConfigurations = (
				76272D9B20B145490089F750 /* Debug */,
				76272D9C20B145490089F750 /* Release */,
			);
			defaultConfigurationIsVisible = 0;
			defaultConfigurationName = Release;
		};
/* End XCConfigurationList section */
	};
	rootObject = 76272D8020B145470089F750 /* Project object */;
}
